
Microsoft Visual Studio Solution File, Format Version 11.00
# Visual Studio 2010
Project("{FAE04EC0-301F-11D3-BF4B-00C04F79EFBC}") = "udacity-vr-airhockey-capstone", "Assembly-CSharp.csproj", "{B35F9413-C80D-5CAB-887E-EAD49FA0AFCF}"
EndProject
Global
	GlobalSection(SolutionConfigurationPlatforms) = preSolution
		Debug|Any CPU = Debug|Any CPU
		Release|Any CPU = Release|Any CPU
	EndGlobalSection
	GlobalSection(ProjectConfigurationPlatforms) = postSolution
		{B35F9413-C80D-5CAB-887E-EAD49FA0AFCF}.Debug|Any CPU.ActiveCfg = Debug|Any CPU
		{B35F9413-C80D-5CAB-887E-EAD49FA0AFCF}.Debug|Any CPU.Build.0 = Debug|Any CPU
		{B35F9413-C80D-5CAB-887E-EAD49FA0AFCF}.Release|Any CPU.ActiveCfg = Release|Any CPU
		{B35F9413-C80D-5CAB-887E-EAD49FA0AFCF}.Release|Any CPU.Build.0 = Release|Any CPU
	EndGlobalSection
	GlobalSection(SolutionProperties) = preSolution
		HideSolutionNode = FALSE
	EndGlobalSection
	GlobalSection(MonoDevelopProperties) = preSolution
		StartupItem = Assembly-CSharp.csproj
	EndGlobalSection
EndGlobal
